[[package]]
name = "et-xmlfile"
version = "1.1.0"
requires_python = ">=3.6"
summary = "An implementation of lxml.xmlfile for the standard library"

[[package]]
name = "numpy"
version = "1.23.1"
requires_python = ">=3.8"
summary = "NumPy is the fundamental package for array computing with Python."

[[package]]
name = "openpyxl"
version = "3.0.10"
requires_python = ">=3.6"
summary = "A Python library to read/write Excel 2010 xlsx/xlsm files"
dependencies = [
    "et-xmlfile",
]

[[package]]
name = "pandas"
version = "1.4.3"
requires_python = ">=3.8"
summary = "Powerful data structures for data analysis, time series, and statistics"
dependencies = [
    "numpy>=1.18.5; platform_machine != \"aarch64\" and platform_machine != \"arm64\" and python_version < \"3.10\"",
    "numpy>=1.19.2; platform_machine == \"aarch64\" and python_version < \"3.10\"",
    "numpy>=1.20.0; platform_machine == \"arm64\" and python_version < \"3.10\"",
    "numpy>=1.21.0; python_version >= \"3.10\"",
    "python-dateutil>=2.8.1",
    "pytz>=2020.1",
]

[[package]]
name = "pydantic"
version = "1.9.1"
requires_python = ">=3.6.1"
summary = "Data validation and settings management using python type hints"
dependencies = [
    "typing-extensions>=3.7.4.3",
]

[[package]]
name = "python-dateutil"
version = "2.8.2"
requires_python = "!=3.0.*,!=3.1.*,!=3.2.*,>=2.7"
summary = "Extensions to the standard Python datetime module"
dependencies = [
    "six>=1.5",
]

[[package]]
name = "pytz"
version = "2022.1"
summary = "World timezone definitions, modern and historical"

[[package]]
name = "six"
version = "1.16.0"
requires_python = ">=2.7, !=3.0.*, !=3.1.*, !=3.2.*"
summary = "Python 2 and 3 compatibility utilities"

[[package]]
name = "typing-extensions"
version = "4.3.0"
requires_python = ">=3.7"
summary = "Backported and Experimental Type Hints for Python 3.7+"

[metadata]
lock_version = "4.0"
content_hash = "sha256:c04aab2107bcd5bab9f0d6bb91a788524f9d98295bd6f7c2cc03bc2331695dae"

[metadata.files]
"et-xmlfile 1.1.0" = [
    {url = "https://files.pythonhosted.org/packages/3d/5d/0413a31d184a20c763ad741cc7852a659bf15094c24840c5bdd1754765cd/et_xmlfile-1.1.0.tar.gz", hash = "sha256:8eb9e2bc2f8c97e37a2dc85a09ecdcdec9d8a396530a6d5a33b30b9a92da0c5c"},
    {url = "https://files.pythonhosted.org/packages/96/c2/3dd434b0108730014f1b96fd286040dc3bcb70066346f7e01ec2ac95865f/et_xmlfile-1.1.0-py3-none-any.whl", hash = "sha256:a2ba85d1d6a74ef63837eed693bcb89c3f752169b0e3e7ae5b16ca5e1b3deada"},
]
"numpy 1.23.1" = [
    {url = "https://files.pythonhosted.org/packages/13/b1/0c22aa7ca1deda4915cdec9562f839546bb252eecf6ad596eaec0592bd35/numpy-1.23.1.tar.gz", hash = "sha256:d748ef349bfef2e1194b59da37ed5a29c19ea8d7e6342019921ba2ba4fd8b624"},
    {url = "https://files.pythonhosted.org/packages/2c/38/fe2d87da2116eb48e54c8e2e3f168f38bb0c4b71462443588453173cbddd/numpy-1.23.1-cp38-cp38-manylinux_2_17_aarch64.manylinux2014_aarch64.whl", hash = "sha256:68b69f52e6545af010b76516f5daaef6173e73353e3295c5cb9f96c35d755641"},
    {url = "https://files.pythonhosted.org/packages/40/2d/fcb9e41c553adb1a214eca5e2bfc7f87e5a752c7add86da19ddc1cf434b5/numpy-1.23.1-cp39-cp39-win32.whl", hash = "sha256:c2f91f88230042a130ceb1b496932aa717dcbd665350beb821534c5c7e15881c"},
    {url = "https://files.pythonhosted.org/packages/43/30/e75dd35e2679ce92b0f6a1d865f75784789764c47910d4c6b537d66327ba/numpy-1.23.1-pp38-pypy38_pp73-manylinux_2_17_x86_64.manylinux2014_x86_64.whl", hash = "sha256:5d732d17b8a9061540a10fda5bfeabca5785700ab5469a5e9b93aca5e2d3a5fb"},
    {url = "https://files.pythonhosted.org/packages/48/4e/cf5f1629b30476e25b22abbecc6c4b0d3959d14db0ee18683164113e8989/numpy-1.23.1-pp38-pypy38_pp73-win_amd64.whl", hash = "sha256:55df0f7483b822855af67e38fb3a526e787adf189383b4934305565d71c4b148"},
    {url = "https://files.pythonhosted.org/packages/52/7c/716ab0f3b92b44a3e55d2e51cf66a8a8d403548d2ca82961129fa2c775fe/numpy-1.23.1-cp39-cp39-macosx_11_0_arm64.whl", hash = "sha256:876f60de09734fbcb4e27a97c9a286b51284df1326b1ac5f1bf0ad3678236b22"},
    {url = "https://files.pythonhosted.org/packages/56/26/053e57520b5c8746ad7227c217b7f6967a90fcb6640eab691d5ec285c9a9/numpy-1.23.1-pp38-pypy38_pp73-macosx_10_9_x86_64.whl", hash = "sha256:8002574a6b46ac3b5739a003b5233376aeac5163e5dcd43dd7ad062f3e186129"},
    {url = "https://files.pythonhosted.org/packages/61/e6/cba9f64659405fd2236926d934d5f9a83f0e654b3838c5bcd3f400547e2c/numpy-1.23.1-cp38-cp38-win32.whl", hash = "sha256:47f10ab202fe4d8495ff484b5561c65dd59177949ca07975663f4494f7269e3e"},
    {url = "https://files.pythonhosted.org/packages/71/08/bc1e4fb7392aa0721f299c444e8c99fa97c8cb41fe33791eca8e26364639/numpy-1.23.1-cp38-cp38-macosx_10_9_x86_64.whl", hash = "sha256:aeba539285dcf0a1ba755945865ec61240ede5432df41d6e29fab305f4384db2"},
    {url = "https://files.pythonhosted.org/packages/86/c9/9f9d6812fa8a031a568c2c1c49f207a0a4030ead438644c887410fc49c8a/numpy-1.23.1-cp38-cp38-manylinux_2_17_x86_64.manylinux2014_x86_64.whl", hash = "sha256:1408c3527a74a0209c781ac82bde2182b0f0bf54dea6e6a363fe0cc4488a7ce7"},
    {url = "https://files.pythonhosted.org/packages/88/cc/92815174c345015a326e3fff8beddcb951b3ef0f7c8296fcc22c622add7c/numpy-1.23.1-cp310-cp310-manylinux_2_17_x86_64.manylinux2014_x86_64.whl", hash = "sha256:3119daed207e9410eaf57dcf9591fdc68045f60483d94956bee0bfdcba790953"},
    {url = "https://files.pythonhosted.org/packages/8b/11/75a93826457f94a4c857a38ea3f178915f27ff38ffee1753e36994be7810/numpy-1.23.1-cp310-cp310-win_amd64.whl", hash = "sha256:1865fdf51446839ca3fffaab172461f2b781163f6f395f1aed256b1ddc253622"},
    {url = "https://files.pythonhosted.org/packages/8c/e2/be5ea562620811ba9277da559d9662d02d22c63d4228cdf01d65f0342c5f/numpy-1.23.1-cp310-cp310-macosx_11_0_arm64.whl", hash = "sha256:9ce242162015b7e88092dccd0e854548c0926b75c7924a3495e02c6067aba1f5"},
    {url = "https://files.pythonhosted.org/packages/8d/d6/cc2330e512936a904a4db1629b71d697fb309115f6d2ede94d183cdfe185/numpy-1.23.1-cp39-cp39-manylinux_2_17_x86_64.manylinux2014_x86_64.whl", hash = "sha256:a35c4e64dfca659fe4d0f1421fc0f05b8ed1ca8c46fb73d9e5a7f175f85696bb"},
    {url = "https://files.pythonhosted.org/packages/93/76/9e53d1e5b94e67df8fc86554cac49fd9ead0bf163383776c153c34670a19/numpy-1.23.1-cp39-cp39-manylinux_2_17_aarch64.manylinux2014_aarch64.whl", hash = "sha256:35590b9c33c0f1c9732b3231bb6a72d1e4f77872390c47d50a615686ae7ed3fd"},
    {url = "https://files.pythonhosted.org/packages/97/87/4cab42d344f9ca65225d895ee30e0c349a0d0460317cdfa657523a553bdb/numpy-1.23.1-cp38-cp38-macosx_11_0_arm64.whl", hash = "sha256:7e8229f3687cdadba2c4faef39204feb51ef7c1a9b669247d49a24f3e2e1617c"},
    {url = "https://files.pythonhosted.org/packages/b9/4b/b805d1afe9de9d31444ff79300042d52aeeb3efa9fff7fffc299bd349469/numpy-1.23.1-cp310-cp310-win32.whl", hash = "sha256:3ab67966c8d45d55a2bdf40701536af6443763907086c0a6d1232688e27e5447"},
    {url = "https://files.pythonhosted.org/packages/bd/dd/0610fb49c433fe5987ae312fe672119080fd77be484b5698d6fa7554148b/numpy-1.23.1-cp39-cp39-win_amd64.whl", hash = "sha256:37ece2bd095e9781a7156852e43d18044fd0d742934833335599c583618181b9"},
    {url = "https://files.pythonhosted.org/packages/c0/c2/8d58f3ccd1aa3b1eaa5c333a6748e225b45cf8748b13f052cbb3c811c996/numpy-1.23.1-cp310-cp310-macosx_10_9_x86_64.whl", hash = "sha256:b15c3f1ed08df4980e02cc79ee058b788a3d0bef2fb3c9ca90bb8cbd5b8a3a04"},
    {url = "https://files.pythonhosted.org/packages/d0/19/6e81ed6fe30271ebcf25e5e2a0bdf1fa06ddee03a8cb82625503826970db/numpy-1.23.1-cp38-cp38-win_amd64.whl", hash = "sha256:37e5ebebb0eb54c5b4a9b04e6f3018e16b8ef257d26c8945925ba8105008e645"},
    {url = "https://files.pythonhosted.org/packages/e5/43/b1b80cbcea9f2d0e6adadd27a8da2c71b751d5670a846b444087fab408a1/numpy-1.23.1-cp39-cp39-macosx_10_9_x86_64.whl", hash = "sha256:173f28921b15d341afadf6c3898a34f20a0569e4ad5435297ba262ee8941e77b"},
    {url = "https://files.pythonhosted.org/packages/f3/a8/7122ace9f2c373194ab2c9e227d626c90a4331e31352528976c976563a0c/numpy-1.23.1-cp310-cp310-manylinux_2_17_aarch64.manylinux2014_aarch64.whl", hash = "sha256:e0d7447679ae9a7124385ccf0ea990bb85bb869cef217e2ea6c844b6a6855073"},
]
"openpyxl 3.0.10" = [
    {url = "https://files.pythonhosted.org/packages/2c/b8/ff77a718173fd73e49f883b4fda88f11af1fc51edb9252af3785b0cad987/openpyxl-3.0.10.tar.gz", hash = "sha256:e47805627aebcf860edb4edf7987b1309c1b3632f3750538ed962bbcc3bd7449"},
    {url = "https://files.pythonhosted.org/packages/7b/60/9afac4fd6feee0ac09339de4101ee452ea643d26e9ce44c7708a0023f503/openpyxl-3.0.10-py2.py3-none-any.whl", hash = "sha256:0ab6d25d01799f97a9464630abacbb34aafecdcaa0ef3cba6d6b3499867d0355"},
]
"pandas 1.4.3" = [
    {url = "https://files.pythonhosted.org/packages/23/a8/ef55120b69b0afb4d240ad5fd511be90955dfa2e02ef49a185ac639a4060/pandas-1.4.3-cp38-cp38-win_amd64.whl", hash = "sha256:605d572126eb4ab2eadf5c59d5d69f0608df2bf7bcad5c5880a47a20a0699e3e"},
    {url = "https://files.pythonhosted.org/packages/2c/3f/7c1689ab9489709e218805df225a58cc2958e21ea301eb4b9f6dd9ab914a/pandas-1.4.3-cp39-cp39-macosx_10_9_x86_64.whl", hash = "sha256:07238a58d7cbc8a004855ade7b75bbd22c0db4b0ffccc721556bab8a095515f6"},
    {url = "https://files.pythonhosted.org/packages/41/81/1686c25606ac4a1228769be5558cef8d54c0fbc987c5d592fa7d01087b16/pandas-1.4.3-cp310-cp310-manylinux_2_17_aarch64.manylinux2014_aarch64.whl", hash = "sha256:e48fbb64165cda451c06a0f9e4c7a16b534fcabd32546d531b3c240ce2844112"},
    {url = "https://files.pythonhosted.org/packages/43/6c/42fdab624ffc6f3e5664245c452ae523182440037f13906965709a478fa2/pandas-1.4.3-cp38-cp38-win32.whl", hash = "sha256:48350592665ea3cbcd07efc8c12ff12d89be09cd47231c7925e3b8afada9d50d"},
    {url = "https://files.pythonhosted.org/packages/45/be/6cba7d58f50ddea41209cc3e2ccd3b2f1551cb62b786c502f483e9961b50/pandas-1.4.3-cp38-cp38-manylinux_2_17_aarch64.manylinux2014_aarch64.whl", hash = "sha256:78b00429161ccb0da252229bcda8010b445c4bf924e721265bec5a6e96a92e92"},
    {url = "https://files.pythonhosted.org/packages/4c/a6/5318e93cbdeefa9ce97b595047e6138beb4919b89a863a8da0f8987be77e/pandas-1.4.3-cp38-cp38-macosx_11_0_arm64.whl", hash = "sha256:d6c0106415ff1a10c326c49bc5dd9ea8b9897a6ca0c8688eb9c30ddec49535ef"},
    {url = "https://files.pythonhosted.org/packages/56/af/ad25a652983d250158b91f9fc044f70359d20c34b1c671b0c1cecc2e85d2/pandas-1.4.3-cp38-cp38-macosx_10_9_universal2.whl", hash = "sha256:24ea75f47bbd5574675dae21d51779a4948715416413b30614c1e8b480909f81"},
    {url = "https://files.pythonhosted.org/packages/60/a6/998a96dfc6375874670b140c1dab6125fcec49736555cfdcb41e39187642/pandas-1.4.3-cp39-cp39-win_amd64.whl", hash = "sha256:721a3dd2f06ef942f83a819c0f3f6a648b2830b191a72bbe9451bcd49c3bd42e"},
    {url = "https://files.pythonhosted.org/packages/74/80/114ce64b02347bbadc70b7e8de3a0076ec346fb6e315ead06756cbc1bcb9/pandas-1.4.3-cp310-cp310-macosx_10_9_universal2.whl", hash = "sha256:d51674ed8e2551ef7773820ef5dab9322be0828629f2cbf8d1fc31a0c4fed640"},
    {url = "https://files.pythonhosted.org/packages/76/60/82eb766bfdd8979470a256048318639f86d9968c3afccc40af73fe20008a/pandas-1.4.3-cp39-cp39-win32.whl", hash = "sha256:0daf876dba6c622154b2e6741f29e87161f844e64f84801554f879d27ba63c0d"},
    {url = "https://files.pythonhosted.org/packages/8b/de/6b3be78f2360e97fba531584e4d86428a6bfe194ec4b3acce5df604a2aab/pandas-1.4.3-cp310-cp310-win_amd64.whl", hash = "sha256:2893e923472a5e090c2d5e8db83e8f907364ec048572084c7d10ef93546be6d1"},
    {url = "https://files.pythonhosted.org/packages/8f/67/7bf106bf405e28a0a0afa9284232dd9b13ffd0cef4eb11c5346849412b86/pandas-1.4.3-cp39-cp39-macosx_10_9_universal2.whl", hash = "sha256:a3924692160e3d847e18702bb048dc38e0e13411d2b503fecb1adf0fcf950ba4"},
    {url = "https://files.pythonhosted.org/packages/a5/ac/6c04be2c26e8c839659b7bcdc7a4bcd4e5366867bff8027ffd1cae58b806/pandas-1.4.3-cp39-cp39-manylinux_2_17_x86_64.manylinux2014_x86_64.whl", hash = "sha256:1d9382f72a4f0e93909feece6fef5500e838ce1c355a581b3d8f259839f2ea76"},
    {url = "https://files.pythonhosted.org/packages/c8/85/8afe540bd0299c4d58f0a5b88acc49a8021804abe05a00d2cbc2fccde873/pandas-1.4.3-cp38-cp38-macosx_10_9_x86_64.whl", hash = "sha256:d5ebc990bd34f4ac3c73a2724c2dcc9ee7bf1ce6cf08e87bb25c6ad33507e318"},
    {url = "https://files.pythonhosted.org/packages/ca/b0/2994a42e3852deb3aaa4af7804a04f9defb13a6f2e6edc6328683700d386/pandas-1.4.3-cp39-cp39-manylinux_2_17_aarch64.manylinux2014_aarch64.whl", hash = "sha256:41fc406e374590a3d492325b889a2686b31e7a7780bec83db2512988550dadbf"},
    {url = "https://files.pythonhosted.org/packages/d1/55/18b00a5426ad8a89944ab93b6b29773a556dc06af8b53a29031f861009e3/pandas-1.4.3-cp38-cp38-manylinux_2_17_x86_64.manylinux2014_x86_64.whl", hash = "sha256:6dfbf16b1ea4f4d0ee11084d9c026340514d1d30270eaa82a9f1297b6c8ecbf0"},
    {url = "https://files.pythonhosted.org/packages/df/88/d6176ffc5b271924f45e356cd0f5781538446ce143f693ba8dbabeea10b8/pandas-1.4.3-cp310-cp310-macosx_11_0_arm64.whl", hash = "sha256:958a0588149190c22cdebbc0797e01972950c927a11a900fe6c2296f207b1d6f"},
    {url = "https://files.pythonhosted.org/packages/ea/e4/a1cbaca4069fdd92c930bb1c5eebd9ea9c55717a9bf60bd41708c8a33f5a/pandas-1.4.3-cp310-cp310-manylinux_2_17_x86_64.manylinux2014_x86_64.whl", hash = "sha256:6f803320c9da732cc79210d7e8cc5c8019aad512589c910c66529eb1b1818230"},
    {url = "https://files.pythonhosted.org/packages/ec/49/0b304252f670ce4074eeddb61f184b81708826343e89ee90c0395db32f71/pandas-1.4.3-cp310-cp310-macosx_10_9_x86_64.whl", hash = "sha256:16ad23db55efcc93fa878f7837267973b61ea85d244fc5ff0ccbcfa5638706c5"},
    {url = "https://files.pythonhosted.org/packages/ed/7d/25f52988bd6949319946ff99a75b547f7bf3f20aff8b2b84fda047bdcd04/pandas-1.4.3-cp39-cp39-macosx_11_0_arm64.whl", hash = "sha256:755679c49460bd0d2f837ab99f0a26948e68fa0718b7e42afbabd074d945bf84"},
    {url = "https://files.pythonhosted.org/packages/f4/00/2de395c769335956b8650f990ef2a15e860be83b544c408ff95713446329/pandas-1.4.3.tar.gz", hash = "sha256:2ff7788468e75917574f080cd4681b27e1a7bf36461fe968b49a87b5a54d007c"},
]
"pydantic 1.9.1" = [
    {url = "https://files.pythonhosted.org/packages/09/ca/44704f9ed827019f15ed17bd61be8217efe0d224609980c12b961bfcefdc/pydantic-1.9.1-cp39-cp39-win_amd64.whl", hash = "sha256:61b6760b08b7c395975d893e0b814a11cf011ebb24f7d869e7118f5a339a82e1"},
    {url = "https://files.pythonhosted.org/packages/13/77/22ba810e9f2a39fd73934e06a470e46155c382ebfcc0bd4c8db5ba306f73/pydantic-1.9.1-cp36-cp36m-musllinux_1_1_x86_64.whl", hash = "sha256:ae72f8098acb368d877b210ebe02ba12585e77bd0db78ac04a1ee9b9f5dd2166"},
    {url = "https://files.pythonhosted.org/packages/21/b2/0067e1ea3d0d7fcbd76e9fb58bd4aa2dd194ab23c251984a1a722bbf1dd0/pydantic-1.9.1-cp37-cp37m-win_amd64.whl", hash = "sha256:a955260d47f03df08acf45689bd163ed9df82c0e0124beb4251b1290fa7ae728"},
    {url = "https://files.pythonhosted.org/packages/2e/6b/7ae3031fc86b974296ef3a91221aec46fdf66a8dd6ba1d300151a812c5b3/pydantic-1.9.1-cp39-cp39-musllinux_1_1_x86_64.whl", hash = "sha256:72ccb318bf0c9ab97fc04c10c37683d9eea952ed526707fabf9ac5ae59b701fd"},
    {url = "https://files.pythonhosted.org/packages/32/c8/b1713db51b80c9b29611c3e62710e5f9eb6c6df2a875c9500f59ad1fcd48/pydantic-1.9.1-cp36-cp36m-musllinux_1_1_i686.whl", hash = "sha256:d12f96b5b64bec3f43c8e82b4aab7599d0157f11c798c9f9c528a72b9e0b339a"},
    {url = "https://files.pythonhosted.org/packages/5d/1a/d9fc0d8c6decab0822aabf30d9c8aeb61df08c7119f5e52825abd865425e/pydantic-1.9.1-cp36-cp36m-manylinux_2_17_x86_64.manylinux2014_x86_64.whl", hash = "sha256:985ceb5d0a86fcaa61e45781e567a59baa0da292d5ed2e490d612d0de5796918"},
    {url = "https://files.pythonhosted.org/packages/5f/76/11635fe2d808c0062f4f23a6ac6453e6110d3446fb196e3b6dfc1d15f979/pydantic-1.9.1-cp39-cp39-manylinux_2_17_x86_64.manylinux2014_x86_64.whl", hash = "sha256:02eefd7087268b711a3ff4db528e9916ac9aa18616da7bca69c1871d0b7a091f"},
    {url = "https://files.pythonhosted.org/packages/68/17/1828a267f999077fba10b24076e027df79cc2c5ede8e0a91a7cbf43428d8/pydantic-1.9.1-cp310-cp310-win_amd64.whl", hash = "sha256:a4a88dcd6ff8fd47c18b3a3709a89adb39a6373f4482e04c1b765045c7e282fd"},
    {url = "https://files.pythonhosted.org/packages/71/54/de851f0ab24e6044be1df7186ba000defefe36945f10b86f70f6b4300284/pydantic-1.9.1-cp37-cp37m-macosx_10_9_x86_64.whl", hash = "sha256:494f7c8537f0c02b740c229af4cb47c0d39840b829ecdcfc93d91dcbb0779892"},
    {url = "https://files.pythonhosted.org/packages/71/ea/1169909a5d70085aea49a9d4995636498d0df0e9a06f71b747eb4a104aa2/pydantic-1.9.1-cp310-cp310-musllinux_1_1_x86_64.whl", hash = "sha256:e565a785233c2d03724c4dc55464559639b1ba9ecf091288dd47ad9c629433bd"},
    {url = "https://files.pythonhosted.org/packages/80/30/553e846151cd7dbd2405fb128272c6cea5ea3e42f9538e2962838dcf755b/pydantic-1.9.1-cp37-cp37m-musllinux_1_1_x86_64.whl", hash = "sha256:9bcf8b6e011be08fb729d110f3e22e654a50f8a826b0575c7196616780683380"},
    {url = "https://files.pythonhosted.org/packages/81/48/b3c8cb4eb7106b612bbfc263d557b75e27d2720a0cf2c442ea67950d6d43/pydantic-1.9.1-cp39-cp39-musllinux_1_1_i686.whl", hash = "sha256:4ce9ae9e91f46c344bec3b03d6ee9612802682c1551aaf627ad24045ce090761"},
    {url = "https://files.pythonhosted.org/packages/8e/d8/56552e89a644b77e51fd8c2c6cc4982ec83b5f6221c10c00bf1406255fec/pydantic-1.9.1-cp38-cp38-musllinux_1_1_i686.whl", hash = "sha256:a9af62e9b5b9bc67b2a195ebc2c2662fdf498a822d62f902bf27cccb52dbbf49"},
    {url = "https://files.pythonhosted.org/packages/97/7b/229158bcd271f02ec2e92c6740ce47236797fcef2d36cbe949c0ea9f3a68/pydantic-1.9.1-cp38-cp38-macosx_10_9_x86_64.whl", hash = "sha256:9ce157d979f742a915b75f792dbd6aa63b8eccaf46a1005ba03aa8a986bde34a"},
    {url = "https://files.pythonhosted.org/packages/9a/a2/585b1a747b7bbb22392fe9c875b8adfaaee9a7be506fbb66a749157f9099/pydantic-1.9.1-cp39-cp39-macosx_10_9_x86_64.whl", hash = "sha256:b83ba3825bc91dfa989d4eed76865e71aea3a6ca1388b59fc801ee04c4d8d0d6"},
    {url = "https://files.pythonhosted.org/packages/a2/b1/99dd40e020d05ffa3a69ff980d26fd4db36889a379c0084329b7c7e5568b/pydantic-1.9.1-cp38-cp38-win_amd64.whl", hash = "sha256:9f659a5ee95c8baa2436d392267988fd0f43eb774e5eb8739252e5a7e9cf07e0"},
    {url = "https://files.pythonhosted.org/packages/a4/0c/fbaa7319dcb5eecd3484686eb5a5c5702a6445adb566f01aee6de3369bc4/pydantic-1.9.1-cp310-cp310-manylinux_2_17_x86_64.manylinux2014_x86_64.whl", hash = "sha256:18f3e912f9ad1bdec27fb06b8198a2ccc32f201e24174cec1b3424dda605a310"},
    {url = "https://files.pythonhosted.org/packages/a5/2a/59787a33253375a1d4eea75a65b0008feb01027a4de6c0c097f513cee793/pydantic-1.9.1-cp36-cp36m-macosx_10_9_x86_64.whl", hash = "sha256:447d5521575f18e18240906beadc58551e97ec98142266e521c34968c76c8761"},
    {url = "https://files.pythonhosted.org/packages/b1/34/5281371fbca70a089c9afcff8f0223f8d9da982efe0802fac36e39debdff/pydantic-1.9.1-cp310-cp310-musllinux_1_1_i686.whl", hash = "sha256:8bc541a405423ce0e51c19f637050acdbdf8feca34150e0d17f675e72d119580"},
    {url = "https://files.pythonhosted.org/packages/b4/73/4fa4e18868aa0e68782a8a3b37c9e08dcc3453e122a191d077910f41fa8c/pydantic-1.9.1-cp310-cp310-macosx_11_0_arm64.whl", hash = "sha256:c320c64dd876e45254bdd350f0179da737463eea41c43bacbee9d8c9d1021f11"},
    {url = "https://files.pythonhosted.org/packages/b9/01/fad5d5a724780873e0fac2b1ca9365636179921fc371ac6a7ec6b9706d8e/pydantic-1.9.1-cp37-cp37m-manylinux_2_5_i686.manylinux1_i686.manylinux_2_17_i686.manylinux2014_i686.whl", hash = "sha256:969dd06110cb780da01336b281f53e2e7eb3a482831df441fb65dd30403f4608"},
    {url = "https://files.pythonhosted.org/packages/be/11/a929057bf8742a6362e216e10f6d9caf44bae146a87321b9a18278b6b7d4/pydantic-1.9.1-cp310-cp310-macosx_10_9_x86_64.whl", hash = "sha256:c8098a724c2784bf03e8070993f6d46aa2eeca031f8d8a048dff277703e6e193"},
    {url = "https://files.pythonhosted.org/packages/c1/3b/e3f31676b694ab293ba4b7c5a3146fa8ec72c7a4d71c69a883aad1210517/pydantic-1.9.1-cp38-cp38-macosx_11_0_arm64.whl", hash = "sha256:0bf07cab5b279859c253d26a9194a8906e6f4a210063b84b433cf90a569de0c1"},
    {url = "https://files.pythonhosted.org/packages/c4/d2/6118efdb9fdaf3d4dfecc0276d4d47a1ef9aaf9903fa49f1ece765d917cb/pydantic-1.9.1-cp39-cp39-manylinux_2_5_i686.manylinux1_i686.manylinux_2_17_i686.manylinux2014_i686.whl", hash = "sha256:7eb57ba90929bac0b6cc2af2373893d80ac559adda6933e562dcfb375029acee"},
    {url = "https://files.pythonhosted.org/packages/c6/a1/e71646590e474c0b590ed1d8015e03a942cb02bc78709db80b07a2976268/pydantic-1.9.1-cp36-cp36m-manylinux_2_5_i686.manylinux1_i686.manylinux_2_17_i686.manylinux2014_i686.whl", hash = "sha256:059b6c1795170809103a1538255883e1983e5b831faea6558ef873d4955b4a74"},
    {url = "https://files.pythonhosted.org/packages/c7/26/f5d5c0e9d3bca2c720a70b3280299dd76861b1938862cd4425d7d7e88396/pydantic-1.9.1-cp38-cp38-musllinux_1_1_x86_64.whl", hash = "sha256:fe4670cb32ea98ffbf5a1262f14c3e102cccd92b1869df3bb09538158ba90fe6"},
    {url = "https://files.pythonhosted.org/packages/d0/a5/e4a25a0becf35530a3d90459a88855743e942f2e502da49ca5b10aa78568/pydantic-1.9.1.tar.gz", hash = "sha256:1ed987c3ff29fff7fd8c3ea3a3ea877ad310aae2ef9889a119e22d3f2db0691a"},
    {url = "https://files.pythonhosted.org/packages/dc/e4/06e4a32426e6368e510cdab4bd3ebbace7ad7b94a5a2354cb4536c7a4bf4/pydantic-1.9.1-cp36-cp36m-win_amd64.whl", hash = "sha256:79b485767c13788ee314669008d01f9ef3bc05db9ea3298f6a50d3ef596a154b"},
    {url = "https://files.pythonhosted.org/packages/de/0a/bd6eb16c07eba6aad5e543985995e2cbdc4925ccffc2f9491482f9101c0e/pydantic-1.9.1-cp38-cp38-manylinux_2_17_x86_64.manylinux2014_x86_64.whl", hash = "sha256:5d93d4e95eacd313d2c765ebe40d49ca9dd2ed90e5b37d0d421c597af830c195"},
    {url = "https://files.pythonhosted.org/packages/df/c9/7ea0a065d96a200f008021f28149f16b6d99c30d04461c562061d6a73ce8/pydantic-1.9.1-cp38-cp38-manylinux_2_5_i686.manylinux1_i686.manylinux_2_17_i686.manylinux2014_i686.whl", hash = "sha256:1542636a39c4892c4f4fa6270696902acb186a9aaeac6f6cf92ce6ae2e88564b"},
    {url = "https://files.pythonhosted.org/packages/e4/67/5ca471ba5dfddc309fcc0bd262a485facbd78a003513800a332fd01ce165/pydantic-1.9.1-cp310-cp310-manylinux_2_5_i686.manylinux1_i686.manylinux_2_17_i686.manylinux2014_i686.whl", hash = "sha256:c11951b404e08b01b151222a1cb1a9f0a860a8153ce8334149ab9199cd198131"},
    {url = "https://files.pythonhosted.org/packages/ea/3a/6b451f0ddb374e6a23642554ee3a357029d718083e084b3c9e6ea9b8119a/pydantic-1.9.1-cp37-cp37m-musllinux_1_1_i686.whl", hash = "sha256:177071dfc0df6248fd22b43036f936cfe2508077a72af0933d0c1fa269b18537"},
    {url = "https://files.pythonhosted.org/packages/ed/30/cc6081090e0653b8bfeac45b5973027771050813c4ac167a277f4f355242/pydantic-1.9.1-cp39-cp39-macosx_11_0_arm64.whl", hash = "sha256:1dd8fecbad028cd89d04a46688d2fcc14423e8a196d5b0a5c65105664901f810"},
    {url = "https://files.pythonhosted.org/packages/f1/ea/1b879b2b30c4e041bce20f3baf785a640f93ae4146d5258dff5661d0bebf/pydantic-1.9.1-cp37-cp37m-manylinux_2_17_x86_64.manylinux2014_x86_64.whl", hash = "sha256:f0f047e11febe5c3198ed346b507e1d010330d56ad615a7e0a89fae604065a0e"},
    {url = "https://files.pythonhosted.org/packages/f3/88/78666bfe38d3a8aee75fbd2410ac6e26dfdd64585323c07648f387817c76/pydantic-1.9.1-py3-none-any.whl", hash = "sha256:4988c0f13c42bfa9ddd2fe2f569c9d54646ce84adc5de84228cfe83396f3bd58"},
]
"python-dateutil 2.8.2" = [
    {url = "https://files.pythonhosted.org/packages/36/7a/87837f39d0296e723bb9b62bbb257d0355c7f6128853c78955f57342a56d/python_dateutil-2.8.2-py2.py3-none-any.whl", hash = "sha256:961d03dc3453ebbc59dbdea9e4e11c5651520a876d0f4db161e8674aae935da9"},
    {url = "https://files.pythonhosted.org/packages/4c/c4/13b4776ea2d76c115c1d1b84579f3764ee6d57204f6be27119f13a61d0a9/python-dateutil-2.8.2.tar.gz", hash = "sha256:0123cacc1627ae19ddf3c27a5de5bd67ee4586fbdd6440d9748f8abb483d3e86"},
]
"pytz 2022.1" = [
    {url = "https://files.pythonhosted.org/packages/2f/5f/a0f653311adff905bbcaa6d3dfaf97edcf4d26138393c6ccd37a484851fb/pytz-2022.1.tar.gz", hash = "sha256:1e760e2fe6a8163bc0b3d9a19c4f84342afa0a2affebfaa84b01b978a02ecaa7"},
    {url = "https://files.pythonhosted.org/packages/60/2e/dec1cc18c51b8df33c7c4d0a321b084cf38e1733b98f9d15018880fb4970/pytz-2022.1-py2.py3-none-any.whl", hash = "sha256:e68985985296d9a66a881eb3193b0906246245294a881e7c8afe623866ac6a5c"},
]
"six 1.16.0" = [
    {url = "https://files.pythonhosted.org/packages/71/39/171f1c67cd00715f190ba0b100d606d440a28c93c7714febeca8b79af85e/six-1.16.0.tar.gz", hash = "sha256:1e61c37477a1626458e36f7b1d82aa5c9b094fa4802892072e49de9c60c4c926"},
    {url = "https://files.pythonhosted.org/packages/d9/5a/e7c31adbe875f2abbb91bd84cf2dc52d792b5a01506781dbcf25c91daf11/six-1.16.0-py2.py3-none-any.whl", hash = "sha256:8abb2f1d86890a2dfb989f9a77cfcfd3e47c2a354b01111771326f8aa26e0254"},
]
"typing-extensions 4.3.0" = [
    {url = "https://files.pythonhosted.org/packages/9e/1d/d128169ff58c501059330f1ad96ed62b79114a2eb30b8238af63a2e27f70/typing_extensions-4.3.0.tar.gz", hash = "sha256:e6d2677a32f47fc7eb2795db1dd15c1f34eff616bcaf2cfb5e997f854fa1c4a6"},
    {url = "https://files.pythonhosted.org/packages/ed/d6/2afc375a8d55b8be879d6b4986d4f69f01115e795e36827fd3a40166028b/typing_extensions-4.3.0-py3-none-any.whl", hash = "sha256:25642c956049920a5aa49edcdd6ab1e06d7e5d467fc00e0506c44ac86fbfca02"},
]
